# This file is generated by running "yarn install" inside your project.
# Manual changes might be lost - proceed with caution!

__metadata:
  version: 4
  cacheKey: 8

"@applications/app@workspace:@applications/app":
  version: 0.0.0-use.local
  resolution: "@applications/app@workspace:@applications/app"
  dependencies:
    "@packages/shared": "workspace:@packages/shared"
  languageName: unknown
  linkType: soft

"@packages/shared@workspace:@packages/shared":
  version: 0.0.0-use.local
  resolution: "@packages/shared@workspace:@packages/shared"
  languageName: unknown
  linkType: soft

"acorn-jsx-walk@npm:2.0.0":
  version: 2.0.0
  resolution: "acorn-jsx-walk@npm:2.0.0"
  checksum: 49417eab5bb595c1cdc96d64205eda7cc58f32d655068826ba96ec7a4dc4f957d55ca9e62a299d0dbdeae71c6dc518be1378c21d3b720e741812f55f2a13c937
  languageName: node
  linkType: hard

"acorn-jsx@npm:5.3.2":
  version: 5.3.2
  resolution: "acorn-jsx@npm:5.3.2"
  peerDependencies:
    acorn: ^6.0.0 || ^7.0.0 || ^8.0.0
  checksum: c3d3b2a89c9a056b205b69530a37b972b404ee46ec8e5b341666f9513d3163e2a4f214a71f4dfc7370f5a9c07472d2fd1c11c91c3f03d093e37637d95da98950
  languageName: node
  linkType: hard

"acorn-loose@npm:8.1.0":
  version: 8.1.0
  resolution: "acorn-loose@npm:8.1.0"
  dependencies:
    acorn: ^8.2.0
  checksum: e1a910a99e15bbd8a8bae2366ec85827090aacda1448f963815c97c5543be51b5e78949ed2ccf9157fdb76dd762cd75f05b9ed0c893ed8cfff5b65cd2412f9c4
  languageName: node
  linkType: hard

"acorn-walk@npm:8.1.1":
  version: 8.1.1
  resolution: "acorn-walk@npm:8.1.1"
  checksum: 5e4dafbcec14fbfac96e1f13726273e969a30fdf607ed4eb6ca335292f85b8c896393fee15837a8f2b27afd7ede0f1c6edb5b5e6d0123a8821fee1a834318e62
  languageName: node
  linkType: hard

"acorn@npm:8.4.1, acorn@npm:^8.2.0":
  version: 8.4.1
  resolution: "acorn@npm:8.4.1"
  bin:
    acorn: bin/acorn
  checksum: 0a8fd264349285aa36194b26a5a9d70c3641e78ad459ec44b9a9a5738e0ce6d86ec120ca2c0f04477165cee912fdeb158f62d6582697185c82278bdbf71187f8
  languageName: node
  linkType: hard

"ajv@npm:8.6.2":
  version: 8.6.2
  resolution: "ajv@npm:8.6.2"
  dependencies:
    fast-deep-equal: ^3.1.1
    json-schema-traverse: ^1.0.0
    require-from-string: ^2.0.2
    uri-js: ^4.2.2
  checksum: b86d6cb86c69abbd8ce71ab7d4ff272660bf6d34fa9fbe770f73e54da59d531b2546692e36e2b35bbcfb11d20db774b4c09189671335185b8c799d65194e5169
  languageName: node
  linkType: hard

"ansi-escapes@npm:^4.2.1":
  version: 4.3.2
  resolution: "ansi-escapes@npm:4.3.2"
  dependencies:
    type-fest: ^0.21.3
  checksum: 93111c42189c0a6bed9cdb4d7f2829548e943827ee8479c74d6e0b22ee127b2a21d3f8b5ca57723b8ef78ce011fbfc2784350eb2bde3ccfccf2f575fa8489815
  languageName: node
  linkType: hard

"ansi-regex@npm:^5.0.0":
  version: 5.0.0
  resolution: "ansi-regex@npm:5.0.0"
  checksum: b1bb4e992a5d96327bb4f72eaba9f8047f1d808d273ad19d399e266bfcc7fb19a4d1a127a32f7bc61fe46f1a94a4d04ec4c424e3fbe184929aa866323d8ed4ce
  languageName: node
  linkType: hard

"ansi-styles@npm:^4.0.0, ansi-styles@npm:^4.1.0":
  version: 4.3.0
  resolution: "ansi-styles@npm:4.3.0"
  dependencies:
    color-convert: ^2.0.1
  checksum: 513b44c3b2105dd14cc42a19271e80f386466c4be574bccf60b627432f9198571ebf4ab1e4c3ba17347658f4ee1711c163d574248c0c1cdc2d5917a0ad582ec4
  languageName: node
  linkType: hard

"balanced-match@npm:^1.0.0":
  version: 1.0.2
  resolution: "balanced-match@npm:1.0.2"
  checksum: 9706c088a283058a8a99e0bf91b0a2f75497f185980d9ffa8b304de1d9e58ebda7c72c07ebf01dadedaac5b2907b2c6f566f660d62bd336c3468e960403b9d65
  languageName: node
  linkType: hard

"base64-js@npm:^1.3.1":
  version: 1.5.1
  resolution: "base64-js@npm:1.5.1"
  checksum: 669632eb3745404c2f822a18fc3a0122d2f9a7a13f7fb8b5823ee19d1d2ff9ee5b52c53367176ea4ad093c332fd5ab4bd0ebae5a8e27917a4105a4cfc86b1005
  languageName: node
  linkType: hard

"bl@npm:^4.1.0":
  version: 4.1.0
  resolution: "bl@npm:4.1.0"
  dependencies:
    buffer: ^5.5.0
    inherits: ^2.0.4
    readable-stream: ^3.4.0
  checksum: 9e8521fa7e83aa9427c6f8ccdcba6e8167ef30cc9a22df26effcc5ab682ef91d2cbc23a239f945d099289e4bbcfae7a192e9c28c84c6202e710a0dfec3722662
  languageName: node
  linkType: hard

"brace-expansion@npm:^1.1.7":
  version: 1.1.11
  resolution: "brace-expansion@npm:1.1.11"
  dependencies:
    balanced-match: ^1.0.0
    concat-map: 0.0.1
  checksum: faf34a7bb0c3fcf4b59c7808bc5d2a96a40988addf2e7e09dfbb67a2251800e0d14cd2bfc1aa79174f2f5095c54ff27f46fb1289fe2d77dac755b5eb3434cc07
  languageName: node
  linkType: hard

"buffer@npm:^5.5.0":
  version: 5.7.1
  resolution: "buffer@npm:5.7.1"
  dependencies:
    base64-js: ^1.3.1
    ieee754: ^1.1.13
  checksum: e2cf8429e1c4c7b8cbd30834ac09bd61da46ce35f5c22a78e6c2f04497d6d25541b16881e30a019c6fd3154150650ccee27a308eff3e26229d788bbdeb08ab84
  languageName: node
  linkType: hard

"chalk@npm:4.1.2, chalk@npm:^4.1.0, chalk@npm:^4.1.1":
  version: 4.1.2
  resolution: "chalk@npm:4.1.2"
  dependencies:
    ansi-styles: ^4.1.0
    supports-color: ^7.1.0
  checksum: fe75c9d5c76a7a98d45495b91b2172fa3b7a09e0cc9370e5c8feb1c567b85c4288e2b3fded7cfdd7359ac28d6b3844feb8b82b8686842e93d23c827c417e83fc
  languageName: node
  linkType: hard

"chardet@npm:^0.7.0":
  version: 0.7.0
  resolution: "chardet@npm:0.7.0"
  checksum: 6fd5da1f5d18ff5712c1e0aed41da200d7c51c28f11b36ee3c7b483f3696dabc08927fc6b227735eb8f0e1215c9a8abd8154637f3eff8cada5959df7f58b024d
  languageName: node
  linkType: hard

"cli-cursor@npm:^3.1.0":
  version: 3.1.0
  resolution: "cli-cursor@npm:3.1.0"
  dependencies:
    restore-cursor: ^3.1.0
  checksum: 2692784c6cd2fd85cfdbd11f53aea73a463a6d64a77c3e098b2b4697a20443f430c220629e1ca3b195ea5ac4a97a74c2ee411f3807abf6df2b66211fec0c0a29
  languageName: node
  linkType: hard

"cli-spinners@npm:^2.5.0":
  version: 2.6.0
  resolution: "cli-spinners@npm:2.6.0"
  checksum: bc5d06af9f896e95d0c277e2a5ee0adc5876767decca6b3c22e212934b96033453268cb59be904eccb6d59119e57dbb3fc8ca9bdf5f8476506283b3dd8728748
  languageName: node
  linkType: hard

"cli-width@npm:^3.0.0":
  version: 3.0.0
  resolution: "cli-width@npm:3.0.0"
  checksum: 4c94af3769367a70e11ed69aa6095f1c600c0ff510f3921ab4045af961820d57c0233acfa8b6396037391f31b4c397e1f614d234294f979ff61430a6c166c3f6
  languageName: node
  linkType: hard

"clone@npm:^1.0.2":
  version: 1.0.4
  resolution: "clone@npm:1.0.4"
  checksum: d06418b7335897209e77bdd430d04f882189582e67bd1f75a04565f3f07f5b3f119a9d670c943b6697d0afb100f03b866b3b8a1f91d4d02d72c4ecf2bb64b5dd
  languageName: node
  linkType: hard

"color-convert@npm:^2.0.1":
  version: 2.0.1
  resolution: "color-convert@npm:2.0.1"
  dependencies:
    color-name: ~1.1.4
  checksum: 79e6bdb9fd479a205c71d89574fccfb22bd9053bd98c6c4d870d65c132e5e904e6034978e55b43d69fcaa7433af2016ee203ce76eeba9cfa554b373e7f7db336
  languageName: node
  linkType: hard

"color-name@npm:~1.1.4":
  version: 1.1.4
  resolution: "color-name@npm:1.1.4"
  checksum: b0445859521eb4021cd0fb0cc1a75cecf67fceecae89b63f62b201cca8d345baf8b952c966862a9d9a2632987d4f6581f0ec8d957dfacece86f0a7919316f610
  languageName: node
  linkType: hard

"commander@npm:8.1.0":
  version: 8.1.0
  resolution: "commander@npm:8.1.0"
  checksum: 75abce64ed13cc7703606dbe9e6cfcabe04f382c6c3404c3054ac4f3917064c40ddbf3eecd8917594426d547a85b4cacbc15e986d55a7723a11494ec19b570da
  languageName: node
  linkType: hard

"concat-map@npm:0.0.1":
  version: 0.0.1
  resolution: "concat-map@npm:0.0.1"
  checksum: 902a9f5d8967a3e2faf138d5cb784b9979bad2e6db5357c5b21c568df4ebe62bcb15108af1b2253744844eb964fc023fbd9afbbbb6ddd0bcc204c6fb5b7bf3af
  languageName: node
  linkType: hard

"defaults@npm:^1.0.3":
  version: 1.0.3
  resolution: "defaults@npm:1.0.3"
  dependencies:
    clone: ^1.0.2
  checksum: 96e2112da6553d376afd5265ea7cbdb2a3b45535965d71ab8bb1da10c8126d168fdd5268799625324b368356d21ba2a7b3d4ec50961f11a47b7feb9de3d4413e
  languageName: node
  linkType: hard

"depcruise-repro@workspace:.":
  version: 0.0.0-use.local
  resolution: "depcruise-repro@workspace:."
  dependencies:
    dependency-cruiser: 10.0.8-beta-1
  languageName: unknown
  linkType: soft

"dependency-cruiser@npm:10.0.8-beta-1":
  version: 10.0.8-beta-1
  resolution: "dependency-cruiser@npm:10.0.8-beta-1"
  dependencies:
    acorn: 8.4.1
    acorn-jsx: 5.3.2
    acorn-jsx-walk: 2.0.0
    acorn-loose: 8.1.0
    acorn-walk: 8.1.1
    ajv: 8.6.2
    chalk: 4.1.2
    commander: 8.1.0
    enhanced-resolve: 5.8.2
    figures: 3.2.0
    get-stream: 6.0.1
    glob: 7.1.7
    handlebars: 4.7.7
    indent-string: 4.0.0
    inquirer: 8.1.2
    json5: 2.2.0
    lodash: 4.17.21
    safe-regex: 2.1.1
    semver: 7.3.5
    semver-try-require: 5.0.0
    teamcity-service-messages: 0.1.11
    tsconfig-paths-webpack-plugin: 3.5.1
    wrap-ansi: 7.0.0
  bin:
    depcruise: bin/dependency-cruise.js
    depcruise-fmt: bin/depcruise-fmt.js
    depcruise-wrap-stream-in-html: bin/wrap-stream-in-html.js
    dependency-cruise: bin/dependency-cruise.js
    dependency-cruiser: bin/dependency-cruise.js
  checksum: f7fc33c0b4ff8cd24fc87a5702b8c75c882b821f46f3122d1676a5c3a87fc22d120c83aa0d015de3c51d3eeb6b410482f599f90c8f3816646d179e38edb5523a
  languageName: node
  linkType: hard

"emoji-regex@npm:^8.0.0":
  version: 8.0.0
  resolution: "emoji-regex@npm:8.0.0"
  checksum: d4c5c39d5a9868b5fa152f00cada8a936868fd3367f33f71be515ecee4c803132d11b31a6222b2571b1e5f7e13890156a94880345594d0ce7e3c9895f560f192
  languageName: node
  linkType: hard

"enhanced-resolve@npm:5.8.2, enhanced-resolve@npm:^5.7.0":
  version: 5.8.2
  resolution: "enhanced-resolve@npm:5.8.2"
  dependencies:
    graceful-fs: ^4.2.4
    tapable: ^2.2.0
  checksum: 6e871ec5b183220dbcdaff8580cbdacee5425e321790e5846abd1b573d20d2bcb37f73ee983fd10c6d6878d31a2d08e234e72fc91a81236d64623ee6ba7d6611
  languageName: node
  linkType: hard

"escape-string-regexp@npm:^1.0.5":
  version: 1.0.5
  resolution: "escape-string-regexp@npm:1.0.5"
  checksum: 6092fda75c63b110c706b6a9bfde8a612ad595b628f0bd2147eea1d3406723020810e591effc7db1da91d80a71a737a313567c5abb3813e8d9c71f4aa595b410
  languageName: node
  linkType: hard

"external-editor@npm:^3.0.3":
  version: 3.1.0
  resolution: "external-editor@npm:3.1.0"
  dependencies:
    chardet: ^0.7.0
    iconv-lite: ^0.4.24
    tmp: ^0.0.33
  checksum: 1c2a616a73f1b3435ce04030261bed0e22d4737e14b090bb48e58865da92529c9f2b05b893de650738d55e692d071819b45e1669259b2b354bc3154d27a698c7
  languageName: node
  linkType: hard

"fast-deep-equal@npm:^3.1.1":
  version: 3.1.3
  resolution: "fast-deep-equal@npm:3.1.3"
  checksum: e21a9d8d84f53493b6aa15efc9cfd53dd5b714a1f23f67fb5dc8f574af80df889b3bce25dc081887c6d25457cce704e636395333abad896ccdec03abaf1f3f9d
  languageName: node
  linkType: hard

"figures@npm:3.2.0, figures@npm:^3.0.0":
  version: 3.2.0
  resolution: "figures@npm:3.2.0"
  dependencies:
    escape-string-regexp: ^1.0.5
  checksum: 85a6ad29e9aca80b49b817e7c89ecc4716ff14e3779d9835af554db91bac41c0f289c418923519392a1e582b4d10482ad282021330cd045bb7b80c84152f2a2b
  languageName: node
  linkType: hard

"fs.realpath@npm:^1.0.0":
  version: 1.0.0
  resolution: "fs.realpath@npm:1.0.0"
  checksum: 99ddea01a7e75aa276c250a04eedeffe5662bce66c65c07164ad6264f9de18fb21be9433ead460e54cff20e31721c811f4fb5d70591799df5f85dce6d6746fd0
  languageName: node
  linkType: hard

"get-stream@npm:6.0.1":
  version: 6.0.1
  resolution: "get-stream@npm:6.0.1"
  checksum: e04ecece32c92eebf5b8c940f51468cd53554dcbb0ea725b2748be583c9523d00128137966afce410b9b051eb2ef16d657cd2b120ca8edafcf5a65e81af63cad
  languageName: node
  linkType: hard

"glob@npm:7.1.7":
  version: 7.1.7
  resolution: "glob@npm:7.1.7"
  dependencies:
    fs.realpath: ^1.0.0
    inflight: ^1.0.4
    inherits: 2
    minimatch: ^3.0.4
    once: ^1.3.0
    path-is-absolute: ^1.0.0
  checksum: b61f48973bbdcf5159997b0874a2165db572b368b931135832599875919c237fc05c12984e38fe828e69aa8a921eb0e8a4997266211c517c9cfaae8a93988bb8
  languageName: node
  linkType: hard

"graceful-fs@npm:^4.2.4":
  version: 4.2.8
  resolution: "graceful-fs@npm:4.2.8"
  checksum: 5d224c8969ad0581d551dfabdb06882706b31af2561bd5e2034b4097e67cc27d05232849b8643866585fd0a41c7af152950f8776f4dd5579e9853733f31461c6
  languageName: node
  linkType: hard

"handlebars@npm:4.7.7":
  version: 4.7.7
  resolution: "handlebars@npm:4.7.7"
  dependencies:
    minimist: ^1.2.5
    neo-async: ^2.6.0
    source-map: ^0.6.1
    uglify-js: ^3.1.4
    wordwrap: ^1.0.0
  dependenciesMeta:
    uglify-js:
      optional: true
  bin:
    handlebars: bin/handlebars
  checksum: 1e79a43f5e18d15742977cb987923eab3e2a8f44f2d9d340982bcb69e1735ed049226e534d7c1074eaddaf37e4fb4f471a8adb71cddd5bc8cf3f894241df5cee
  languageName: node
  linkType: hard

"has-flag@npm:^4.0.0":
  version: 4.0.0
  resolution: "has-flag@npm:4.0.0"
  checksum: 261a1357037ead75e338156b1f9452c016a37dcd3283a972a30d9e4a87441ba372c8b81f818cd0fbcd9c0354b4ae7e18b9e1afa1971164aef6d18c2b6095a8ad
  languageName: node
  linkType: hard

"iconv-lite@npm:^0.4.24":
  version: 0.4.24
  resolution: "iconv-lite@npm:0.4.24"
  dependencies:
    safer-buffer: ">= 2.1.2 < 3"
  checksum: bd9f120f5a5b306f0bc0b9ae1edeb1577161503f5f8252a20f1a9e56ef8775c9959fd01c55f2d3a39d9a8abaf3e30c1abeb1895f367dcbbe0a8fd1c9ca01c4f6
  languageName: node
  linkType: hard

"ieee754@npm:^1.1.13":
  version: 1.2.1
  resolution: "ieee754@npm:1.2.1"
  checksum: 5144c0c9815e54ada181d80a0b810221a253562422e7c6c3a60b1901154184f49326ec239d618c416c1c5945a2e197107aee8d986a3dd836b53dffefd99b5e7e
  languageName: node
  linkType: hard

"indent-string@npm:4.0.0":
  version: 4.0.0
  resolution: "indent-string@npm:4.0.0"
  checksum: 824cfb9929d031dabf059bebfe08cf3137365e112019086ed3dcff6a0a7b698cb80cf67ccccde0e25b9e2d7527aa6cc1fed1ac490c752162496caba3e6699612
  languageName: node
  linkType: hard

"inflight@npm:^1.0.4":
  version: 1.0.6
  resolution: "inflight@npm:1.0.6"
  dependencies:
    once: ^1.3.0
    wrappy: 1
  checksum: f4f76aa072ce19fae87ce1ef7d221e709afb59d445e05d47fba710e85470923a75de35bfae47da6de1b18afc3ce83d70facf44cfb0aff89f0a3f45c0a0244dfd
  languageName: node
  linkType: hard

"inherits@npm:2, inherits@npm:^2.0.3, inherits@npm:^2.0.4":
  version: 2.0.4
  resolution: "inherits@npm:2.0.4"
  checksum: 4a48a733847879d6cf6691860a6b1e3f0f4754176e4d71494c41f3475553768b10f84b5ce1d40fbd0e34e6bfbb864ee35858ad4dd2cf31e02fc4a154b724d7f1
  languageName: node
  linkType: hard

"inquirer@npm:8.1.2":
  version: 8.1.2
  resolution: "inquirer@npm:8.1.2"
  dependencies:
    ansi-escapes: ^4.2.1
    chalk: ^4.1.1
    cli-cursor: ^3.1.0
    cli-width: ^3.0.0
    external-editor: ^3.0.3
    figures: ^3.0.0
    lodash: ^4.17.21
    mute-stream: 0.0.8
    ora: ^5.3.0
    run-async: ^2.4.0
    rxjs: ^7.2.0
    string-width: ^4.1.0
    strip-ansi: ^6.0.0
    through: ^2.3.6
  checksum: fa6caec984d12a89f6bf926c3ee4924beed3dd1ceae66ad8ac287c3ef1b534e31cba86af66950f364305c42eb263c8f4a98c5a27227b3459308c8e3251c6d39a
  languageName: node
  linkType: hard

"is-fullwidth-code-point@npm:^3.0.0":
  version: 3.0.0
  resolution: "is-fullwidth-code-point@npm:3.0.0"
  checksum: 44a30c29457c7fb8f00297bce733f0a64cd22eca270f83e58c105e0d015e45c019491a4ab2faef91ab51d4738c670daff901c799f6a700e27f7314029e99e348
  languageName: node
  linkType: hard

"is-interactive@npm:^1.0.0":
  version: 1.0.0
  resolution: "is-interactive@npm:1.0.0"
  checksum: 824808776e2d468b2916cdd6c16acacebce060d844c35ca6d82267da692e92c3a16fdba624c50b54a63f38bdc4016055b6f443ce57d7147240de4f8cdabaf6f9
  languageName: node
  linkType: hard

"is-unicode-supported@npm:^0.1.0":
  version: 0.1.0
  resolution: "is-unicode-supported@npm:0.1.0"
  checksum: a2aab86ee7712f5c2f999180daaba5f361bdad1efadc9610ff5b8ab5495b86e4f627839d085c6530363c6d6d4ecbde340fb8e54bdb83da4ba8e0865ed5513c52
  languageName: node
  linkType: hard

"json-schema-traverse@npm:^1.0.0":
  version: 1.0.0
  resolution: "json-schema-traverse@npm:1.0.0"
  checksum: 02f2f466cdb0362558b2f1fd5e15cce82ef55d60cd7f8fa828cf35ba74330f8d767fcae5c5c2adb7851fa811766c694b9405810879bc4e1ddd78a7c0e03658ad
  languageName: node
  linkType: hard

"json5@npm:2.2.0, json5@npm:^2.2.0":
  version: 2.2.0
  resolution: "json5@npm:2.2.0"
  dependencies:
    minimist: ^1.2.5
  bin:
    json5: lib/cli.js
  checksum: e88fc5274bb58fc99547baa777886b069d2dd96d9cfc4490b305fd16d711dabd5979e35a4f90873cefbeb552e216b041a304fe56702bedba76e19bc7845f208d
  languageName: node
  linkType: hard

"lodash@npm:4.17.21, lodash@npm:^4.17.21":
  version: 4.17.21
  resolution: "lodash@npm:4.17.21"
  checksum: eb835a2e51d381e561e508ce932ea50a8e5a68f4ebdd771ea240d3048244a8d13658acbd502cd4829768c56f2e16bdd4340b9ea141297d472517b83868e677f7
  languageName: node
  linkType: hard

"log-symbols@npm:^4.1.0":
  version: 4.1.0
  resolution: "log-symbols@npm:4.1.0"
  dependencies:
    chalk: ^4.1.0
    is-unicode-supported: ^0.1.0
  checksum: fce1497b3135a0198803f9f07464165e9eb83ed02ceb2273930a6f8a508951178d8cf4f0378e9d28300a2ed2bc49050995d2bd5f53ab716bb15ac84d58c6ef74
  languageName: node
  linkType: hard

"lru-cache@npm:^6.0.0":
  version: 6.0.0
  resolution: "lru-cache@npm:6.0.0"
  dependencies:
    yallist: ^4.0.0
  checksum: f97f499f898f23e4585742138a22f22526254fdba6d75d41a1c2526b3b6cc5747ef59c5612ba7375f42aca4f8461950e925ba08c991ead0651b4918b7c978297
  languageName: node
  linkType: hard

"mimic-fn@npm:^2.1.0":
  version: 2.1.0
  resolution: "mimic-fn@npm:2.1.0"
  checksum: d2421a3444848ce7f84bd49115ddacff29c15745db73f54041edc906c14b131a38d05298dae3081667627a59b2eb1ca4b436ff2e1b80f69679522410418b478a
  languageName: node
  linkType: hard

"minimatch@npm:^3.0.4":
  version: 3.0.4
  resolution: "minimatch@npm:3.0.4"
  dependencies:
    brace-expansion: ^1.1.7
  checksum: 66ac295f8a7b59788000ea3749938b0970344c841750abd96694f80269b926ebcafad3deeb3f1da2522978b119e6ae3a5869b63b13a7859a456b3408bd18a078
  languageName: node
  linkType: hard

"minimist@npm:^1.2.0, minimist@npm:^1.2.5":
  version: 1.2.7
  resolution: "minimist@npm:1.2.7"
  checksum: 7346574a1038ca23c32e02252f603801f09384dd1d78b69a943a4e8c2c28730b80e96193882d3d3b22a063445f460e48316b29b8a25addca2d7e5e8f75478bec
  languageName: node
  linkType: hard

"mute-stream@npm:0.0.8":
  version: 0.0.8
  resolution: "mute-stream@npm:0.0.8"
  checksum: ff48d251fc3f827e5b1206cda0ffdaec885e56057ee86a3155e1951bc940fd5f33531774b1cc8414d7668c10a8907f863f6561875ee6e8768931a62121a531a1
  languageName: node
  linkType: hard

"neo-async@npm:^2.6.0":
  version: 2.6.2
  resolution: "neo-async@npm:2.6.2"
  checksum: deac9f8d00eda7b2e5cd1b2549e26e10a0faa70adaa6fdadca701cc55f49ee9018e427f424bac0c790b7c7e2d3068db97f3093f1093975f2acb8f8818b936ed9
  languageName: node
  linkType: hard

"once@npm:^1.3.0":
  version: 1.4.0
  resolution: "once@npm:1.4.0"
  dependencies:
    wrappy: 1
  checksum: cd0a88501333edd640d95f0d2700fbde6bff20b3d4d9bdc521bdd31af0656b5706570d6c6afe532045a20bb8dc0849f8332d6f2a416e0ba6d3d3b98806c7db68
  languageName: node
  linkType: hard

"onetime@npm:^5.1.0":
  version: 5.1.2
  resolution: "onetime@npm:5.1.2"
  dependencies:
    mimic-fn: ^2.1.0
  checksum: 2478859ef817fc5d4e9c2f9e5728512ddd1dbc9fb7829ad263765bb6d3b91ce699d6e2332eef6b7dff183c2f490bd3349f1666427eaba4469fba0ac38dfd0d34
  languageName: node
  linkType: hard

"ora@npm:^5.3.0":
  version: 5.4.1
  resolution: "ora@npm:5.4.1"
  dependencies:
    bl: ^4.1.0
    chalk: ^4.1.0
    cli-cursor: ^3.1.0
    cli-spinners: ^2.5.0
    is-interactive: ^1.0.0
    is-unicode-supported: ^0.1.0
    log-symbols: ^4.1.0
    strip-ansi: ^6.0.0
    wcwidth: ^1.0.1
  checksum: 28d476ee6c1049d68368c0dc922e7225e3b5600c3ede88fade8052837f9ed342625fdaa84a6209302587c8ddd9b664f71f0759833cbdb3a4cf81344057e63c63
  languageName: node
  linkType: hard

"os-tmpdir@npm:~1.0.2":
  version: 1.0.2
  resolution: "os-tmpdir@npm:1.0.2"
  checksum: 5666560f7b9f10182548bf7013883265be33620b1c1b4a4d405c25be2636f970c5488ff3e6c48de75b55d02bde037249fe5dbfbb4c0fb7714953d56aed062e6d
  languageName: node
  linkType: hard

"path-is-absolute@npm:^1.0.0":
  version: 1.0.1
  resolution: "path-is-absolute@npm:1.0.1"
  checksum: 060840f92cf8effa293bcc1bea81281bd7d363731d214cbe5c227df207c34cd727430f70c6037b5159c8a870b9157cba65e775446b0ab06fd5ecc7e54615a3b8
  languageName: node
  linkType: hard

"punycode@npm:^2.1.0":
  version: 2.1.1
  resolution: "punycode@npm:2.1.1"
  checksum: 823bf443c6dd14f669984dea25757b37993f67e8d94698996064035edd43bed8a5a17a9f12e439c2b35df1078c6bec05a6c86e336209eb1061e8025c481168e8
  languageName: node
  linkType: hard

"readable-stream@npm:^3.4.0":
  version: 3.6.0
  resolution: "readable-stream@npm:3.6.0"
  dependencies:
    inherits: ^2.0.3
    string_decoder: ^1.1.1
    util-deprecate: ^1.0.1
  checksum: d4ea81502d3799439bb955a3a5d1d808592cf3133350ed352aeaa499647858b27b1c4013984900238b0873ec8d0d8defce72469fb7a83e61d53f5ad61cb80dc8
  languageName: node
  linkType: hard

"regexp-tree@npm:~0.1.1":
  version: 0.1.23
  resolution: "regexp-tree@npm:0.1.23"
  bin:
    regexp-tree: bin/regexp-tree
  checksum: 2860252c97464b7beec510eb11b5fe2505edc1135e8b1ae8623c1db4428a091d3770ce8a62456e0933a1b613322c7a904b6ff23b144cad398fab52ac7b249098
  languageName: node
  linkType: hard

"require-from-string@npm:^2.0.2":
  version: 2.0.2
  resolution: "require-from-string@npm:2.0.2"
  checksum: a03ef6895445f33a4015300c426699bc66b2b044ba7b670aa238610381b56d3f07c686251740d575e22f4c87531ba662d06937508f0f3c0f1ddc04db3130560b
  languageName: node
  linkType: hard

"restore-cursor@npm:^3.1.0":
  version: 3.1.0
  resolution: "restore-cursor@npm:3.1.0"
  dependencies:
    onetime: ^5.1.0
    signal-exit: ^3.0.2
  checksum: f877dd8741796b909f2a82454ec111afb84eb45890eb49ac947d87991379406b3b83ff9673a46012fca0d7844bb989f45cc5b788254cf1a39b6b5a9659de0630
  languageName: node
  linkType: hard

"run-async@npm:^2.4.0":
  version: 2.4.1
  resolution: "run-async@npm:2.4.1"
  checksum: a2c88aa15df176f091a2878eb840e68d0bdee319d8d97bbb89112223259cebecb94bc0defd735662b83c2f7a30bed8cddb7d1674eb48ae7322dc602b22d03797
  languageName: node
  linkType: hard

"rxjs@npm:^7.2.0":
  version: 7.3.0
  resolution: "rxjs@npm:7.3.0"
  dependencies:
    tslib: ~2.1.0
  checksum: e63adb8808ea6c299a020d56d2af92bcf71efe641adf838499932e29b8f5fd5ff00873653ad48ba3ecf6c9fc11c3c595acf995e8d456f9d8cb85c7d37a1fd72e
  languageName: node
  linkType: hard

"safe-buffer@npm:~5.2.0":
  version: 5.2.1
  resolution: "safe-buffer@npm:5.2.1"
  checksum: b99c4b41fdd67a6aaf280fcd05e9ffb0813654894223afb78a31f14a19ad220bba8aba1cb14eddce1fcfb037155fe6de4e861784eb434f7d11ed58d1e70dd491
  languageName: node
  linkType: hard

"safe-regex@npm:2.1.1":
  version: 2.1.1
  resolution: "safe-regex@npm:2.1.1"
  dependencies:
    regexp-tree: ~0.1.1
  checksum: 5d734e2193c63ef0cb00f60c0244e0f8a30ecb31923633cd34636808d6a7c4c206d650017953ae1db8bc33967c2f06af33488dea6f038f4e38212beb7bed77b4
  languageName: node
  linkType: hard

"safer-buffer@npm:>= 2.1.2 < 3":
  version: 2.1.2
  resolution: "safer-buffer@npm:2.1.2"
  checksum: cab8f25ae6f1434abee8d80023d7e72b598cf1327164ddab31003c51215526801e40b66c5e65d658a0af1e9d6478cadcb4c745f4bd6751f97d8644786c0978b0
  languageName: node
  linkType: hard

"semver-try-require@npm:5.0.0":
  version: 5.0.0
  resolution: "semver-try-require@npm:5.0.0"
  dependencies:
    semver: 7.3.5
  checksum: 2ed292973c168213e7edc0ac6f82a7bd4631f8593f1c76e278e6c0c9ce58727c5170215d9d6ffd07af1dd8c75315da2ff78f5b455dc0a2739f8812ec57e9a491
  languageName: node
  linkType: hard

"semver@npm:7.3.5":
  version: 7.3.5
  resolution: "semver@npm:7.3.5"
  dependencies:
    lru-cache: ^6.0.0
  bin:
    semver: bin/semver.js
  checksum: 5eafe6102bea2a7439897c1856362e31cc348ccf96efd455c8b5bc2c61e6f7e7b8250dc26b8828c1d76a56f818a7ee907a36ae9fb37a599d3d24609207001d60
  languageName: node
  linkType: hard

"signal-exit@npm:^3.0.2":
  version: 3.0.3
  resolution: "signal-exit@npm:3.0.3"
  checksum: f0169d3f1263d06df32ca072b0bf33b34c6f8f0341a7a1621558a2444dfbe8f5fec76b35537fcc6f0bc4944bdb5336fe0bdcf41a5422c4e45a1dba3f45475e6c
  languageName: node
  linkType: hard

"source-map@npm:^0.6.1":
  version: 0.6.1
  resolution: "source-map@npm:0.6.1"
  checksum: 59ce8640cf3f3124f64ac289012c2b8bd377c238e316fb323ea22fbfe83da07d81e000071d7242cad7a23cd91c7de98e4df8830ec3f133cb6133a5f6e9f67bc2
  languageName: node
  linkType: hard

"string-width@npm:^4.1.0":
  version: 4.2.2
  resolution: "string-width@npm:4.2.2"
  dependencies:
    emoji-regex: ^8.0.0
    is-fullwidth-code-point: ^3.0.0
    strip-ansi: ^6.0.0
  checksum: 343e089b0e66e0f72aab4ad1d9b6f2c9cc5255844b0c83fd9b53f2a3b3fd0421bdd6cb05be96a73117eb012db0887a6c1d64ca95aaa50c518e48980483fea0ab
  languageName: node
  linkType: hard

"string_decoder@npm:^1.1.1":
  version: 1.3.0
  resolution: "string_decoder@npm:1.3.0"
  dependencies:
    safe-buffer: ~5.2.0
  checksum: 8417646695a66e73aefc4420eb3b84cc9ffd89572861fe004e6aeb13c7bc00e2f616247505d2dbbef24247c372f70268f594af7126f43548565c68c117bdeb56
  languageName: node
  linkType: hard

"strip-ansi@npm:^6.0.0":
  version: 6.0.0
  resolution: "strip-ansi@npm:6.0.0"
  dependencies:
    ansi-regex: ^5.0.0
  checksum: 04c3239ede44c4d195b0e66c0ad58b932f08bec7d05290416d361ff908ad282ecdaf5d9731e322c84f151d427436bde01f05b7422c3ec26dd927586736b0e5d0
  languageName: node
  linkType: hard

"strip-bom@npm:^3.0.0":
  version: 3.0.0
  resolution: "strip-bom@npm:3.0.0"
  checksum: 8d50ff27b7ebe5ecc78f1fe1e00fcdff7af014e73cf724b46fb81ef889eeb1015fc5184b64e81a2efe002180f3ba431bdd77e300da5c6685d702780fbf0c8d5b
  languageName: node
  linkType: hard

"supports-color@npm:^7.1.0":
  version: 7.2.0
  resolution: "supports-color@npm:7.2.0"
  dependencies:
    has-flag: ^4.0.0
  checksum: 3dda818de06ebbe5b9653e07842d9479f3555ebc77e9a0280caf5a14fb877ffee9ed57007c3b78f5a6324b8dbeec648d9e97a24e2ed9fdb81ddc69ea07100f4a
  languageName: node
  linkType: hard

"tapable@npm:^2.2.0":
  version: 2.2.0
  resolution: "tapable@npm:2.2.0"
  checksum: 5a7e31ddd2400d524b68e7ba0373e492ba52b321b8e1eb15b65956e9c1b9ba90dd175210a1318b6752538cbe3b284f4a7218a714be942aeeb812623c243aea25
  languageName: node
  linkType: hard

"teamcity-service-messages@npm:0.1.11":
  version: 0.1.11
  resolution: "teamcity-service-messages@npm:0.1.11"
  checksum: d1c6a708136baecdc00fba5104ce2f1446b16825ba2ef45240d34c5b31fb35d31aca2efc070333ac02f2ac631a8a02c027bdb2e0d6e6122d3241b3b04bf0fcc5
  languageName: node
  linkType: hard

"through@npm:^2.3.6":
  version: 2.3.8
  resolution: "through@npm:2.3.8"
  checksum: a38c3e059853c494af95d50c072b83f8b676a9ba2818dcc5b108ef252230735c54e0185437618596c790bbba8fcdaef5b290405981ffa09dce67b1f1bf190cbd
  languageName: node
  linkType: hard

"tmp@npm:^0.0.33":
  version: 0.0.33
  resolution: "tmp@npm:0.0.33"
  dependencies:
    os-tmpdir: ~1.0.2
  checksum: 902d7aceb74453ea02abbf58c203f4a8fc1cead89b60b31e354f74ed5b3fb09ea817f94fb310f884a5d16987dd9fa5a735412a7c2dd088dd3d415aa819ae3a28
  languageName: node
  linkType: hard

"tsconfig-paths-webpack-plugin@npm:3.5.1":
  version: 3.5.1
  resolution: "tsconfig-paths-webpack-plugin@npm:3.5.1"
  dependencies:
    chalk: ^4.1.0
    enhanced-resolve: ^5.7.0
    tsconfig-paths: ^3.9.0
  checksum: 86a58fc9ab373ac0ce0717a1147ed83b25ca05f2fa236f11ad8ae81a2577c9a33d7d6596d742d3d8b927c02e85300ef24d685ae7c767f4f964f22f78aa642647
  languageName: node
  linkType: hard

"tsconfig-paths@npm:^3.9.0":
  version: 3.10.1
  resolution: "tsconfig-paths@npm:3.10.1"
  dependencies:
    json5: ^2.2.0
    minimist: ^1.2.0
    strip-bom: ^3.0.0
  checksum: 014ec869276114031d3bd6d2d9ce07c32c96ca6912f32285f46eeb4ca5270bd4c5e4de1353b838c66282157f089dedc8c3377c4e72e2f3d910e706c7b9ac5e6d
  languageName: node
  linkType: hard

"tslib@npm:~2.1.0":
  version: 2.1.0
  resolution: "tslib@npm:2.1.0"
  checksum: aa189c8179de0427b0906da30926fd53c59d96ec239dff87d6e6bc831f608df0cbd6f77c61dabc074408bd0aa0b9ae4ec35cb2c15f729e32f37274db5730cb78
  languageName: node
  linkType: hard

"type-fest@npm:^0.21.3":
  version: 0.21.3
  resolution: "type-fest@npm:0.21.3"
  checksum: e6b32a3b3877f04339bae01c193b273c62ba7bfc9e325b8703c4ee1b32dc8fe4ef5dfa54bf78265e069f7667d058e360ae0f37be5af9f153b22382cd55a9afe0
  languageName: node
  linkType: hard

"uglify-js@npm:^3.1.4":
  version: 3.14.1
  resolution: "uglify-js@npm:3.14.1"
  bin:
    uglifyjs: bin/uglifyjs
  checksum: 2685f53baeddd4c370329352e0bf9b458918d6e422e8c97b59335196427ab08d972a69202e763bffec9ff0d9bd4fc477b0a60788b1e709a4530fc40f47290b34
  languageName: node
  linkType: hard

"uri-js@npm:^4.2.2":
  version: 4.4.1
  resolution: "uri-js@npm:4.4.1"
  dependencies:
    punycode: ^2.1.0
  checksum: 7167432de6817fe8e9e0c9684f1d2de2bb688c94388f7569f7dbdb1587c9f4ca2a77962f134ec90be0cc4d004c939ff0d05acc9f34a0db39a3c797dada262633
  languageName: node
  linkType: hard

"util-deprecate@npm:^1.0.1":
  version: 1.0.2
  resolution: "util-deprecate@npm:1.0.2"
  checksum: 474acf1146cb2701fe3b074892217553dfcf9a031280919ba1b8d651a068c9b15d863b7303cb15bd00a862b498e6cf4ad7b4a08fb134edd5a6f7641681cb54a2
  languageName: node
  linkType: hard

"wcwidth@npm:^1.0.1":
  version: 1.0.1
  resolution: "wcwidth@npm:1.0.1"
  dependencies:
    defaults: ^1.0.3
  checksum: 814e9d1ddcc9798f7377ffa448a5a3892232b9275ebb30a41b529607691c0491de47cba426e917a4d08ded3ee7e9ba2f3fe32e62ee3cd9c7d3bafb7754bd553c
  languageName: node
  linkType: hard

"wordwrap@npm:^1.0.0":
  version: 1.0.0
  resolution: "wordwrap@npm:1.0.0"
  checksum: 2a44b2788165d0a3de71fd517d4880a8e20ea3a82c080ce46e294f0b68b69a2e49cff5f99c600e275c698a90d12c5ea32aff06c311f0db2eb3f1201f3e7b2a04
  languageName: node
  linkType: hard

"wrap-ansi@npm:7.0.0":
  version: 7.0.0
  resolution: "wrap-ansi@npm:7.0.0"
  dependencies:
    ansi-styles: ^4.0.0
    string-width: ^4.1.0
    strip-ansi: ^6.0.0
  checksum: a790b846fd4505de962ba728a21aaeda189b8ee1c7568ca5e817d85930e06ef8d1689d49dbf0e881e8ef84436af3a88bc49115c2e2788d841ff1b8b5b51a608b
  languageName: node
  linkType: hard

"wrappy@npm:1":
  version: 1.0.2
  resolution: "wrappy@npm:1.0.2"
  checksum: 159da4805f7e84a3d003d8841557196034155008f817172d4e986bd591f74aa82aa7db55929a54222309e01079a65a92a9e6414da5a6aa4b01ee44a511ac3ee5
  languageName: node
  linkType: hard

"yallist@npm:^4.0.0":
  version: 4.0.0
  resolution: "yallist@npm:4.0.0"
  checksum: 343617202af32df2a15a3be36a5a8c0c8545208f3d3dfbc6bb7c3e3b7e8c6f8e7485432e4f3b88da3031a6e20afa7c711eded32ddfb122896ac5d914e75848d5
  languageName: node
  linkType: hard
